
Microsoft Visual Studio Solution File, Format Version 12.00
# Visual Studio Version 17
VisualStudioVersion = 17.0.31903.59
MinimumVisualStudioVersion = 10.0.40219.1
Project("{2150E333-8FDC-42A3-9474-1A3956D46DE8}") = "src", "src", "{13E05E09-CF21-458E-BBC7-51A2371C20A2}"
EndProject
Project("{FAE04EC0-301F-11D3-BF4B-00C04F79EFBC}") = "Dotnet.Installer.Console", "src\Dotnet.Installer.Console\Dotnet.Installer.Console.csproj", "{E19EBCA5-B58B-45F1-A23C-A35AAF25439C}"
EndProject
Project("{FAE04EC0-301F-11D3-BF4B-00C04F79EFBC}") = "Dotnet.Installer.Core", "src\Dotnet.Installer.Core\Dotnet.Installer.Core.csproj", "{8E63FFB8-326C-4BF9-B3D9-032E9C7B99DC}"
EndProject
Project("{2150E333-8FDC-42A3-9474-1A3956D46DE8}") = "snap", "snap", "{EDDB911E-F406-4222-9229-215548C17A76}"
	ProjectSection(SolutionItems) = preProject
		snap\snapcraft.yaml = snap\snapcraft.yaml
	EndProjectSection
EndProject
Project("{2150E333-8FDC-42A3-9474-1A3956D46DE8}") = "hooks", "hooks", "{0CDB7334-6495-4660-80A9-EB89241FD28D}"
	ProjectSection(SolutionItems) = preProject
		snap\hooks\configure = snap\hooks\configure
	EndProjectSection
EndProject
Global
	GlobalSection(SolutionConfigurationPlatforms) = preSolution
		Debug|Any CPU = Debug|Any CPU
		Debug|x64 = Debug|x64
		Debug|x86 = Debug|x86
		Release|Any CPU = Release|Any CPU
		Release|x64 = Release|x64
		Release|x86 = Release|x86
	EndGlobalSection
	GlobalSection(ProjectConfigurationPlatforms) = postSolution
		{E19EBCA5-B58B-45F1-A23C-A35AAF25439C}.Debug|Any CPU.ActiveCfg = Debug|Any CPU
		{E19EBCA5-B58B-45F1-A23C-A35AAF25439C}.Debug|Any CPU.Build.0 = Debug|Any CPU
		{E19EBCA5-B58B-45F1-A23C-A35AAF25439C}.Debug|x64.ActiveCfg = Debug|Any CPU
		{E19EBCA5-B58B-45F1-A23C-A35AAF25439C}.Debug|x64.Build.0 = Debug|Any CPU
		{E19EBCA5-B58B-45F1-A23C-A35AAF25439C}.Debug|x86.ActiveCfg = Debug|Any CPU
		{E19EBCA5-B58B-45F1-A23C-A35AAF25439C}.Debug|x86.Build.0 = Debug|Any CPU
		{E19EBCA5-B58B-45F1-A23C-A35AAF25439C}.Release|Any CPU.ActiveCfg = Release|Any CPU
		{E19EBCA5-B58B-45F1-A23C-A35AAF25439C}.Release|Any CPU.Build.0 = Release|Any CPU
		{E19EBCA5-B58B-45F1-A23C-A35AAF25439C}.Release|x64.ActiveCfg = Release|Any CPU
		{E19EBCA5-B58B-45F1-A23C-A35AAF25439C}.Release|x64.Build.0 = Release|Any CPU
		{E19EBCA5-B58B-45F1-A23C-A35AAF25439C}.Release|x86.ActiveCfg = Release|Any CPU
		{E19EBCA5-B58B-45F1-A23C-A35AAF25439C}.Release|x86.Build.0 = Release|Any CPU
		{8E63FFB8-326C-4BF9-B3D9-032E9C7B99DC}.Debug|Any CPU.ActiveCfg = Debug|Any CPU
		{8E63FFB8-326C-4BF9-B3D9-032E9C7B99DC}.Debug|Any CPU.Build.0 = Debug|Any CPU
		{8E63FFB8-326C-4BF9-B3D9-032E9C7B99DC}.Debug|x64.ActiveCfg = Debug|Any CPU
		{8E63FFB8-326C-4BF9-B3D9-032E9C7B99DC}.Debug|x64.Build.0 = Debug|Any CPU
		{8E63FFB8-326C-4BF9-B3D9-032E9C7B99DC}.Debug|x86.ActiveCfg = Debug|Any CPU
		{8E63FFB8-326C-4BF9-B3D9-032E9C7B99DC}.Debug|x86.Build.0 = Debug|Any CPU
		{8E63FFB8-326C-4BF9-B3D9-032E9C7B99DC}.Release|Any CPU.ActiveCfg = Release|Any CPU
		{8E63FFB8-326C-4BF9-B3D9-032E9C7B99DC}.Release|Any CPU.Build.0 = Release|Any CPU
		{8E63FFB8-326C-4BF9-B3D9-032E9C7B99DC}.Release|x64.ActiveCfg = Release|Any CPU
		{8E63FFB8-326C-4BF9-B3D9-032E9C7B99DC}.Release|x64.Build.0 = Release|Any CPU
		{8E63FFB8-326C-4BF9-B3D9-032E9C7B99DC}.Release|x86.ActiveCfg = Release|Any CPU
		{8E63FFB8-326C-4BF9-B3D9-032E9C7B99DC}.Release|x86.Build.0 = Release|Any CPU
	EndGlobalSection
	GlobalSection(SolutionProperties) = preSolution
		HideSolutionNode = FALSE
	EndGlobalSection
	GlobalSection(NestedProjects) = preSolution
		{E19EBCA5-B58B-45F1-A23C-A35AAF25439C} = {13E05E09-CF21-458E-BBC7-51A2371C20A2}
		{8E63FFB8-326C-4BF9-B3D9-032E9C7B99DC} = {13E05E09-CF21-458E-BBC7-51A2371C20A2}
		{0CDB7334-6495-4660-80A9-EB89241FD28D} = {EDDB911E-F406-4222-9229-215548C17A76}
	EndGlobalSection
EndGlobal
